
Microsoft Visual Studio Solution File, Format Version 12.00
# Visual Studio Version 16
VisualStudioVersion = 16.0.31005.135
MinimumVisualStudioVersion = 10.0.40219.1
Project("{FAE04EC0-301F-11D3-BF4B-00C04F79EFBC}") = "TipCalculator", "TipCalculator\TipCalculator.csproj", "{5C7C6250-63D7-40AA-8BB7-D3E7BA3EC8FB}"
EndProject
Global
	GlobalSection(SolutionConfigurationPlatforms) = preSolution
		Debug|Any CPU = Debug|Any CPU
		Release|Any CPU = Release|Any CPU
	EndGlobalSection
	GlobalSection(ProjectConfigurationPlatforms) = postSolution
		{5C7C6250-63D7-40AA-8BB7-D3E7BA3EC8FB}.Debug|Any CPU.ActiveCfg = Debug|Any CPU
		{5C7C6250-63D7-40AA-8BB7-D3E7BA3EC8FB}.Debug|Any CPU.Build.0 = Debug|Any CPU
		{5C7C6250-63D7-40AA-8BB7-D3E7BA3EC8FB}.Debug|Any CPU.Deploy.0 = Debug|Any CPU
		{5C7C6250-63D7-40AA-8BB7-D3E7BA3EC8FB}.Release|Any CPU.ActiveCfg = Release|Any CPU
		{5C7C6250-63D7-40AA-8BB7-D3E7BA3EC8FB}.Release|Any CPU.Build.0 = Release|Any CPU
		{5C7C6250-63D7-40AA-8BB7-D3E7BA3EC8FB}.Release|Any CPU.Deploy.0 = Release|Any CPU
	EndGlobalSection
	GlobalSection(SolutionProperties) = preSolution
		HideSolutionNode = FALSE
	EndGlobalSection
	GlobalSection(ExtensibilityGlobals) = postSolution
		SolutionGuid = {3086DDAD-25FC-45CA-B3E0-581266506E21}
	EndGlobalSection
EndGlobal
